{
  "lockfileVersion": 1,
  "workspaces": {
    "": {
      "name": "karin-h3-template",
      "dependencies": {
        "@karin-js/core": "^0.5.2",
        "@karin-js/platform-h3": "^0.2.6",
        "zod": "^3.24.1",
      },
      "devDependencies": {
        "@types/bun": "latest",
      },
      "peerDependencies": {
        "typescript": "^5.0.0",
      },
    },
  },
  "packages": {
    "@karin-js/core": ["@karin-js/core@0.5.4", "", { "dependencies": { "picocolors": "^1.1.1", "reflect-metadata": "^0.2.2", "tsyringe": "^4.10.0", "zod": "^4.1.12" }, "peerDependencies": { "typescript": "^5" } }, "sha512-UJJgLJXjnqNfiQzPgOh7rnxiB2cIAHdghecN7Cg2ryqCaLC7QxmkUacELch4LVPzuqAD8LZY5zkgK4M1SsuRow=="],

    "@karin-js/platform-h3": ["@karin-js/platform-h3@0.2.6", "", { "dependencies": { "@karin-js/core": "^0.5.4", "h3": "^2.0.1-rc.5" }, "peerDependencies": { "typescript": "^5" } }, "sha512-BogNkaeT2wqI1Qn7rwNLqL6bRr1BL+nCycDpY73K+uHtDOk3SRQeB4eZmBdH0HXwqiZRwdzsSpvpZ6VfBWWH5g=="],

    "@types/bun": ["@types/bun@1.3.3", "", { "dependencies": { "bun-types": "1.3.3" } }, "sha512-ogrKbJ2X5N0kWLLFKeytG0eHDleBYtngtlbu9cyBKFtNL3cnpDZkNdQj8flVf6WTZUX5ulI9AY1oa7ljhSrp+g=="],

    "@types/node": ["@types/node@24.10.1", "", { "dependencies": { "undici-types": "~7.16.0" } }, "sha512-GNWcUTRBgIRJD5zj+Tq0fKOJ5XZajIiBroOF0yvj2bSU1WvNdYS/dn9UxwsujGW4JX06dnHyjV2y9rRaybH0iQ=="],

    "bun-types": ["bun-types@1.3.3", "", { "dependencies": { "@types/node": "*" } }, "sha512-z3Xwlg7j2l9JY27x5Qn3Wlyos8YAp0kKRlrePAOjgjMGS5IG6E7Jnlx736vH9UVI4wUICwwhC9anYL++XeOgTQ=="],

    "h3": ["h3@2.0.1-rc.5", "", { "dependencies": { "rou3": "^0.7.9", "srvx": "^0.9.1" }, "peerDependencies": { "crossws": "^0.4.1" }, "optionalPeers": ["crossws"] }, "sha512-qkohAzCab0nLzXNm78tBjZDvtKMTmtygS8BJLT3VPczAQofdqlFXDPkXdLMJN4r05+xqneG8snZJ0HgkERCZTg=="],

    "picocolors": ["picocolors@1.1.1", "", {}, "sha512-xceH2snhtb5M9liqDsmEw56le376mTZkEX/jEb/RxNFyegNul7eNslCXP9FDj/Lcu0X8KEyMceP2ntpaHrDEVA=="],

    "reflect-metadata": ["reflect-metadata@0.2.2", "", {}, "sha512-urBwgfrvVP/eAyXx4hluJivBKzuEbSQs9rKWCrCkbSxNv8mxPcUZKeuoF3Uy4mJl3Lwprp6yy5/39VWigZ4K6Q=="],

    "rou3": ["rou3@0.7.10", "", {}, "sha512-aoFj6f7MJZ5muJ+Of79nrhs9N3oLGqi2VEMe94Zbkjb6Wupha46EuoYgpWSOZlXww3bbd8ojgXTAA2mzimX5Ww=="],

    "srvx": ["srvx@0.9.6", "", { "bin": { "srvx": "bin/srvx.mjs" } }, "sha512-5L4rT6qQqqb+xcoDoklUgCNdmzqJ6vbcDRwPVGRXewF55IJH0pqh0lQlrJ266ZWTKJ4mfeioqHQJeAYesS+RrQ=="],

    "tslib": ["tslib@1.14.1", "", {}, "sha512-Xni35NKzjgMrwevysHTCArtLDpPvye8zV/0E4EyYn43P7/7qvQwPh9BGkHewbMulVntbigmcT7rdX3BNo9wRJg=="],

    "tsyringe": ["tsyringe@4.10.0", "", { "dependencies": { "tslib": "^1.9.3" } }, "sha512-axr3IdNuVIxnaK5XGEUFTu3YmAQ6lllgrvqfEoR16g/HGnYY/6We4oWENtAnzK6/LpJ2ur9PAb80RBt7/U4ugw=="],

    "typescript": ["typescript@5.9.3", "", { "bin": { "tsc": "bin/tsc", "tsserver": "bin/tsserver" } }, "sha512-jl1vZzPDinLr9eUt3J/t7V6FgNEw9QjvBPdysz9KfQDD41fQrC2Y4vKQdiaUpFT4bXlb1RHhLpp8wtm6M5TgSw=="],

    "undici-types": ["undici-types@7.16.0", "", {}, "sha512-Zz+aZWSj8LE6zoxD+xrjh4VfkIG8Ya6LvYkZqtUQGJPZjYl53ypCaUwWqo7eI0x66KBGeRo+mlBEkMSeSZ38Nw=="],

    "zod": ["zod@3.25.76", "", {}, "sha512-gzUt/qt81nXsFGKIFcC3YnfEAx5NkunCfnDlvuBSSFS02bcXu4Lmea0AFIUwbLWxWPx3d9p8S5QoaujKcNQxcQ=="],

    "@karin-js/core/zod": ["zod@4.1.13", "", {}, "sha512-AvvthqfqrAhNH9dnfmrfKzX5upOdjUVJYFqNSlkmGf64gRaTzlPwz99IHYnVs28qYAybvAlBV+H7pn0saFY4Ig=="],
  }
}
